
Microsoft Visual Studio Solution File, Format Version 12.00
# Visual Studio 14
VisualStudioVersion = 14.0.25420.1
MinimumVisualStudioVersion = 10.0.40219.1
Project("{FAE04EC0-301F-11D3-BF4B-00C04F79EFBC}") = "Generales", "Generales\Generales.csproj", "{FF6681B3-5FFD-4E4B-BED9-38944BF22E22}"
EndProject
Project("{FAE04EC0-301F-11D3-BF4B-00C04F79EFBC}") = "GeneralesTests", "GeneralesTests\GeneralesTests.csproj", "{26CDA156-7BCE-470E-AB76-0A57C42EE47B}"
EndProject
Global
	GlobalSection(SolutionConfigurationPlatforms) = preSolution
		Debug|Any CPU = Debug|Any CPU
		Release|Any CPU = Release|Any CPU
	EndGlobalSection
	GlobalSection(ProjectConfigurationPlatforms) = postSolution
		{FF6681B3-5FFD-4E4B-BED9-38944BF22E22}.Debug|Any CPU.ActiveCfg = Debug|Any CPU
		{FF6681B3-5FFD-4E4B-BED9-38944BF22E22}.Debug|Any CPU.Build.0 = Debug|Any CPU
		{FF6681B3-5FFD-4E4B-BED9-38944BF22E22}.Release|Any CPU.ActiveCfg = Release|Any CPU
		{FF6681B3-5FFD-4E4B-BED9-38944BF22E22}.Release|Any CPU.Build.0 = Release|Any CPU
		{26CDA156-7BCE-470E-AB76-0A57C42EE47B}.Debug|Any CPU.ActiveCfg = Debug|Any CPU
		{26CDA156-7BCE-470E-AB76-0A57C42EE47B}.Debug|Any CPU.Build.0 = Debug|Any CPU
		{26CDA156-7BCE-470E-AB76-0A57C42EE47B}.Release|Any CPU.ActiveCfg = Release|Any CPU
		{26CDA156-7BCE-470E-AB76-0A57C42EE47B}.Release|Any CPU.Build.0 = Release|Any CPU
	EndGlobalSection
	GlobalSection(SolutionProperties) = preSolution
		HideSolutionNode = FALSE
	EndGlobalSection
EndGlobal
